
Microsoft Visual Studio Solution File, Format Version 12.00
# Visual Studio Version 16
VisualStudioVersion = 16.0.31727.386
MinimumVisualStudioVersion = 10.0.40219.1
Project("{FAE04EC0-301F-11D3-BF4B-00C04F79EFBC}") = "TestASPDoctorPatient", "TestASPDoctorPatient\TestASPDoctorPatient.csproj", "{0E05ED1D-E3E0-4044-880D-C857D8A78DB8}"
EndProject
Project("{FAE04EC0-301F-11D3-BF4B-00C04F79EFBC}") = "TestASPDoctorPatient.Data", "TestASPDoctorPatient.Data\TestASPDoctorPatient.Data.csproj", "{8A245D21-5DA6-47E2-B954-73D1179D27B9}"
EndProject
Global
	GlobalSection(SolutionConfigurationPlatforms) = preSolution
		Debug|Any CPU = Debug|Any CPU
		Release|Any CPU = Release|Any CPU
	EndGlobalSection
	GlobalSection(ProjectConfigurationPlatforms) = postSolution
		{0E05ED1D-E3E0-4044-880D-C857D8A78DB8}.Debug|Any CPU.ActiveCfg = Debug|Any CPU
		{0E05ED1D-E3E0-4044-880D-C857D8A78DB8}.Debug|Any CPU.Build.0 = Debug|Any CPU
		{0E05ED1D-E3E0-4044-880D-C857D8A78DB8}.Release|Any CPU.ActiveCfg = Release|Any CPU
		{0E05ED1D-E3E0-4044-880D-C857D8A78DB8}.Release|Any CPU.Build.0 = Release|Any CPU
		{8A245D21-5DA6-47E2-B954-73D1179D27B9}.Debug|Any CPU.ActiveCfg = Debug|Any CPU
		{8A245D21-5DA6-47E2-B954-73D1179D27B9}.Debug|Any CPU.Build.0 = Debug|Any CPU
		{8A245D21-5DA6-47E2-B954-73D1179D27B9}.Release|Any CPU.ActiveCfg = Release|Any CPU
		{8A245D21-5DA6-47E2-B954-73D1179D27B9}.Release|Any CPU.Build.0 = Release|Any CPU
	EndGlobalSection
	GlobalSection(SolutionProperties) = preSolution
		HideSolutionNode = FALSE
	EndGlobalSection
	GlobalSection(ExtensibilityGlobals) = postSolution
		SolutionGuid = {73053710-8E5D-461E-BDD2-5707D5370A37}
	EndGlobalSection
EndGlobal
